
Microsoft Visual Studio Solution File, Format Version 12.00
# Visual Studio Version 16
VisualStudioVersion = 16.0.31515.178
MinimumVisualStudioVersion = 10.0.40219.1
Project("{888888A0-9F3D-457C-B088-3A5042F75D52}") = "CountryPt1", "CountryPt1.pyproj", "{80B15B1C-F65E-4FF1-8DC2-C4F38B9E2515}"
EndProject
Global
	GlobalSection(SolutionConfigurationPlatforms) = preSolution
		Debug|Any CPU = Debug|Any CPU
		Release|Any CPU = Release|Any CPU
	EndGlobalSection
	GlobalSection(ProjectConfigurationPlatforms) = postSolution
		{80B15B1C-F65E-4FF1-8DC2-C4F38B9E2515}.Debug|Any CPU.ActiveCfg = Debug|Any CPU
		{80B15B1C-F65E-4FF1-8DC2-C4F38B9E2515}.Release|Any CPU.ActiveCfg = Release|Any CPU
	EndGlobalSection
	GlobalSection(SolutionProperties) = preSolution
		HideSolutionNode = FALSE
	EndGlobalSection
	GlobalSection(ExtensibilityGlobals) = postSolution
		SolutionGuid = {5F3B7435-7305-4318-99CC-42279163B51E}
	EndGlobalSection
EndGlobal
